
Microsoft Visual Studio Solution File, Format Version 12.00
# Visual Studio Version 16
VisualStudioVersion = 16.0.29728.190
MinimumVisualStudioVersion = 10.0.40219.1
Project("{9A19103F-16F7-4668-BE54-9A1E7A4F7556}") = "Shigar.Core.Tenants", "Shigar.Core.Tenants.csproj", "{D242D877-57BA-4805-9F7C-9CB765773DCB}"
EndProject
Project("{FAE04EC0-301F-11D3-BF4B-00C04F79EFBC}") = "Shigar.Core.Tenants.Tests", "..\Shigar.Core.Tenants.Tests\Shigar.Core.Tenants.Tests.csproj", "{6C1808D5-0824-4ECF-8501-C7AAF4849782}"
EndProject
Global
	GlobalSection(SolutionConfigurationPlatforms) = preSolution
		Debug|Any CPU = Debug|Any CPU
		Release|Any CPU = Release|Any CPU
	EndGlobalSection
	GlobalSection(ProjectConfigurationPlatforms) = postSolution
		{D242D877-57BA-4805-9F7C-9CB765773DCB}.Debug|Any CPU.ActiveCfg = Debug|Any CPU
		{D242D877-57BA-4805-9F7C-9CB765773DCB}.Debug|Any CPU.Build.0 = Debug|Any CPU
		{D242D877-57BA-4805-9F7C-9CB765773DCB}.Release|Any CPU.ActiveCfg = Release|Any CPU
		{D242D877-57BA-4805-9F7C-9CB765773DCB}.Release|Any CPU.Build.0 = Release|Any CPU
		{6C1808D5-0824-4ECF-8501-C7AAF4849782}.Debug|Any CPU.ActiveCfg = Debug|Any CPU
		{6C1808D5-0824-4ECF-8501-C7AAF4849782}.Debug|Any CPU.Build.0 = Debug|Any CPU
		{6C1808D5-0824-4ECF-8501-C7AAF4849782}.Release|Any CPU.ActiveCfg = Release|Any CPU
		{6C1808D5-0824-4ECF-8501-C7AAF4849782}.Release|Any CPU.Build.0 = Release|Any CPU
	EndGlobalSection
	GlobalSection(SolutionProperties) = preSolution
		HideSolutionNode = FALSE
	EndGlobalSection
	GlobalSection(ExtensibilityGlobals) = postSolution
		SolutionGuid = {1B34B4A6-544E-4B9A-81A3-252100701C03}
	EndGlobalSection
EndGlobal
